
Microsoft Visual Studio Solution File, Format Version 12.00
# Visual Studio Version 16
VisualStudioVersion = 16.0.30002.166
MinimumVisualStudioVersion = 10.0.40219.1
Project("{9A19103F-16F7-4668-BE54-9A1E7A4F7556}") = "ComputerHardwareGuide.App", "ComputerHardwareGuide.App\ComputerHardwareGuide.App.csproj", "{274529B9-DCF4-46AE-AA2F-A0AD9F924DB2}"
EndProject
Project("{FAE04EC0-301F-11D3-BF4B-00C04F79EFBC}") = "ComputerHardwareGuide.App.Android", "ComputerHardwareGuide.App.Android\ComputerHardwareGuide.App.Android.csproj", "{5D9A450D-B1CC-4498-8965-CBE98C1AB052}"
EndProject
Global
	GlobalSection(SolutionConfigurationPlatforms) = preSolution
		Debug|Any CPU = Debug|Any CPU
		Release|Any CPU = Release|Any CPU
	EndGlobalSection
	GlobalSection(ProjectConfigurationPlatforms) = postSolution
		{274529B9-DCF4-46AE-AA2F-A0AD9F924DB2}.Debug|Any CPU.ActiveCfg = Debug|Any CPU
		{274529B9-DCF4-46AE-AA2F-A0AD9F924DB2}.Debug|Any CPU.Build.0 = Debug|Any CPU
		{274529B9-DCF4-46AE-AA2F-A0AD9F924DB2}.Release|Any CPU.ActiveCfg = Release|Any CPU
		{274529B9-DCF4-46AE-AA2F-A0AD9F924DB2}.Release|Any CPU.Build.0 = Release|Any CPU
		{5D9A450D-B1CC-4498-8965-CBE98C1AB052}.Debug|Any CPU.ActiveCfg = Debug|Any CPU
		{5D9A450D-B1CC-4498-8965-CBE98C1AB052}.Debug|Any CPU.Build.0 = Debug|Any CPU
		{5D9A450D-B1CC-4498-8965-CBE98C1AB052}.Debug|Any CPU.Deploy.0 = Debug|Any CPU
		{5D9A450D-B1CC-4498-8965-CBE98C1AB052}.Release|Any CPU.ActiveCfg = Release|Any CPU
		{5D9A450D-B1CC-4498-8965-CBE98C1AB052}.Release|Any CPU.Build.0 = Release|Any CPU
		{5D9A450D-B1CC-4498-8965-CBE98C1AB052}.Release|Any CPU.Deploy.0 = Release|Any CPU
	EndGlobalSection
	GlobalSection(SolutionProperties) = preSolution
		HideSolutionNode = FALSE
	EndGlobalSection
	GlobalSection(ExtensibilityGlobals) = postSolution
		SolutionGuid = {0BCF3869-F5D6-4E3A-8FBC-E46F7730C5D1}
	EndGlobalSection
EndGlobal
